
Microsoft Visual Studio Solution File, Format Version 12.00
# Visual Studio Version 17
VisualStudioVersion = 17.0.31903.59
MinimumVisualStudioVersion = 10.0.40219.1
Global
	GlobalSection(SolutionConfigurationPlatforms) = preSolution
		Debug|Any CPU = Debug|Any CPU
		Release|Any CPU = Release|Any CPU
	EndGlobalSection
	GlobalSection(SolutionProperties) = preSolution
		HideSolutionNode = FALSE
	EndGlobalSection
	GlobalSection(ProjectConfigurationPlatforms) = postSolution
		{68BCBBF3-2A87-40C8-AD2B-EDDA92044D2D}.Debug|Any CPU.ActiveCfg = Debug|Any CPU
		{68BCBBF3-2A87-40C8-AD2B-EDDA92044D2D}.Debug|Any CPU.Build.0 = Debug|Any CPU
		{68BCBBF3-2A87-40C8-AD2B-EDDA92044D2D}.Release|Any CPU.ActiveCfg = Release|Any CPU
		{68BCBBF3-2A87-40C8-AD2B-EDDA92044D2D}.Release|Any CPU.Build.0 = Release|Any CPU
	EndGlobalSection
EndGlobal
